{
  "version": 4,
  "terraform_version": "1.12.2",
  "serial": 70,
  "lineage": "52bad835-f322-822c-c357-8533ff771076",
  "outputs": {
    "cloudfront_distribution_id": {
      "value": "E303IWY8D0U51T",
      "type": "string"
    },
    "s3_bucket_name": {
      "value": "andrew-mckenzie-static-site-bucket",
      "type": "string"
    },
    "website_url": {
      "value": "https://www.andrew-mckenzie.com",
      "type": "string"
    }
  },
  "resources": [
    {
      "mode": "data",
      "type": "aws_route53_zone",
      "name": "primary",
      "provider": "provider[\"registry.terraform.io/hashicorp/aws\"]",
      "instances": [
        {
          "schema_version": 0,
          "attributes": {
            "arn": "arn:aws:route53:::hostedzone/Z05528691GZUWBDMFRZYW",
            "caller_reference": "RISWorkflow-RD:349d6abc-9117-4b90-9292-8f6db6ed01b5",
            "comment": "HostedZone created by Route53 Registrar",
            "id": "Z05528691GZUWBDMFRZYW",
            "linked_service_description": null,
            "linked_service_principal": null,
            "name": "andrew-mckenzie.com",
            "name_servers": [
              "ns-896.awsdns-48.net",
              "ns-1226.awsdns-25.org",
              "ns-142.awsdns-17.com",
              "ns-1709.awsdns-21.co.uk"
            ],
            "primary_name_server": "ns-896.awsdns-48.net",
            "private_zone": false,
            "resource_record_set_count": 4,
            "tags": {},
            "vpc_id": null,
            "zone_id": "Z05528691GZUWBDMFRZYW"
          },
          "sensitive_attributes": [],
          "identity_schema_version": 0
        }
      ]
    },
    {
      "mode": "managed",
      "type": "aws_cloudfront_origin_access_identity",
      "name": "oai",
      "provider": "provider[\"registry.terraform.io/hashicorp/aws\"]",
      "instances": [
        {
          "schema_version": 0,
          "attributes": {
            "arn": "arn:aws:cloudfront::057372331974:origin-access-identity/E16XGB4T3M350E",
            "caller_reference": "terraform-20250819173430683700000001",
            "cloudfront_access_identity_path": "origin-access-identity/cloudfront/E16XGB4T3M350E",
            "comment": "OAI for www.andrew-mckenzie.com",
            "etag": "E3UN6WX5RRO2AG",
            "iam_arn": "arn:aws:iam::cloudfront:user/CloudFront Origin Access Identity E16XGB4T3M350E",
            "id": "E16XGB4T3M350E",
            "s3_canonical_user_id": "c0d9acfccccc4d09f1f69c55ca7704c7ab216d28852fd4740b9ac8f383166bcfe105af61fe97edfbde8c9205e3e1166c"
          },
          "sensitive_attributes": [],
          "identity_schema_version": 0,
          "private": "bnVsbA=="
        }
      ]
    },
    {
      "module": "module.acm_certificate",
      "mode": "managed",
      "type": "aws_acm_certificate",
      "name": "cert",
      "provider": "provider[\"registry.terraform.io/hashicorp/aws\"].us-east-1",
      "instances": [
        {
          "schema_version": 0,
          "attributes": {
            "arn": "arn:aws:acm:us-east-1:057372331974:certificate/41874e4e-b415-4d07-9e62-4c06e9ec2b30",
            "certificate_authority_arn": "",
            "certificate_body": null,
            "certificate_chain": null,
            "domain_name": "*.andrew-mckenzie.com",
            "domain_validation_options": [
              {
                "domain_name": "*.andrew-mckenzie.com",
                "resource_record_name": "_f198c93ae8d841b9f22500e358187794.andrew-mckenzie.com.",
                "resource_record_type": "CNAME",
                "resource_record_value": "_a67b1f35e21a80132d82cca6de8bb031.xlfgrmvvlj.acm-validations.aws."
              },
              {
                "domain_name": "andrew-mckenzie.com",
                "resource_record_name": "_f198c93ae8d841b9f22500e358187794.andrew-mckenzie.com.",
                "resource_record_type": "CNAME",
                "resource_record_value": "_a67b1f35e21a80132d82cca6de8bb031.xlfgrmvvlj.acm-validations.aws."
              }
            ],
            "early_renewal_duration": "",
            "id": "arn:aws:acm:us-east-1:057372331974:certificate/41874e4e-b415-4d07-9e62-4c06e9ec2b30",
            "key_algorithm": "RSA_2048",
            "not_after": "2026-09-17T23:59:59Z",
            "not_before": "2025-08-19T00:00:00Z",
            "options": [
              {
                "certificate_transparency_logging_preference": "ENABLED",
                "export": "DISABLED"
              }
            ],
            "pending_renewal": false,
            "private_key": null,
            "region": "us-east-1",
            "renewal_eligibility": "ELIGIBLE",
            "renewal_summary": [],
            "status": "ISSUED",
            "subject_alternative_names": [
              "*.andrew-mckenzie.com",
              "andrew-mckenzie.com"
            ],
            "tags": {},
            "tags_all": {},
            "type": "AMAZON_ISSUED",
            "validation_emails": [],
            "validation_method": "DNS",
            "validation_option": []
          },
          "sensitive_attributes": [
            [
              {
                "type": "get_attr",
                "value": "private_key"
              }
            ]
          ],
          "identity_schema_version": 0,
          "identity": {
            "arn": "arn:aws:acm:us-east-1:057372331974:certificate/41874e4e-b415-4d07-9e62-4c06e9ec2b30"
          },
          "private": "bnVsbA==",
          "create_before_destroy": true
        }
      ]
    },
    {
      "module": "module.acm_certificate",
      "mode": "managed",
      "type": "aws_acm_certificate_validation",
      "name": "cert",
      "provider": "provider[\"registry.terraform.io/hashicorp/aws\"].us-east-1",
      "instances": [
        {
          "schema_version": 0,
          "attributes": {
            "certificate_arn": "arn:aws:acm:us-east-1:057372331974:certificate/41874e4e-b415-4d07-9e62-4c06e9ec2b30",
            "id": "2025-08-19 17:08:18.2 +0000 UTC",
            "region": "us-east-1",
            "timeouts": null,
            "validation_record_fqdns": [
              "_f198c93ae8d841b9f22500e358187794.andrew-mckenzie.com"
            ]
          },
          "sensitive_attributes": [],
          "identity_schema_version": 0,
          "private": "eyJlMmJmYjczMC1lY2FhLTExZTYtOGY4OC0zNDM2M2JjN2M0YzAiOnsiY3JlYXRlIjo0NTAwMDAwMDAwMDAwfX0=",
          "dependencies": [
            "data.aws_route53_zone.primary",
            "module.acm_certificate.aws_acm_certificate.cert",
            "module.acm_certificate.aws_route53_record.cert_validation"
          ]
        }
      ]
    },
    {
      "module": "module.acm_certificate",
      "mode": "managed",
      "type": "aws_route53_record",
      "name": "cert_validation",
      "provider": "provider[\"registry.terraform.io/hashicorp/aws\"].us-east-1",
      "instances": [
        {
          "index_key": "*.andrew-mckenzie.com",
          "schema_version": 2,
          "attributes": {
            "alias": [],
            "allow_overwrite": true,
            "cidr_routing_policy": [],
            "failover_routing_policy": [],
            "fqdn": "_f198c93ae8d841b9f22500e358187794.andrew-mckenzie.com",
            "geolocation_routing_policy": [],
            "geoproximity_routing_policy": [],
            "health_check_id": "",
            "id": "Z05528691GZUWBDMFRZYW__f198c93ae8d841b9f22500e358187794.andrew-mckenzie.com._CNAME",
            "latency_routing_policy": [],
            "multivalue_answer_routing_policy": false,
            "name": "_f198c93ae8d841b9f22500e358187794.andrew-mckenzie.com",
            "records": [
              "_a67b1f35e21a80132d82cca6de8bb031.xlfgrmvvlj.acm-validations.aws."
            ],
            "set_identifier": "",
            "timeouts": null,
            "ttl": 60,
            "type": "CNAME",
            "weighted_routing_policy": [],
            "zone_id": "Z05528691GZUWBDMFRZYW"
          },
          "sensitive_attributes": [],
          "identity_schema_version": 0,
          "identity": {
            "account_id": "057372331974",
            "name": "_f198c93ae8d841b9f22500e358187794.andrew-mckenzie.com",
            "set_identifier": null,
            "type": "CNAME",
            "zone_id": "Z05528691GZUWBDMFRZYW"
          },
          "private": "eyJlMmJmYjczMC1lY2FhLTExZTYtOGY4OC0zNDM2M2JjN2M0YzAiOnsiY3JlYXRlIjoxODAwMDAwMDAwMDAwLCJkZWxldGUiOjE4MDAwMDAwMDAwMDAsInVwZGF0ZSI6MTgwMDAwMDAwMDAwMH0sInNjaGVtYV92ZXJzaW9uIjoiMiJ9",
          "dependencies": [
            "data.aws_route53_zone.primary",
            "module.acm_certificate.aws_acm_certificate.cert"
          ]
        },
        {
          "index_key": "andrew-mckenzie.com",
          "schema_version": 2,
          "attributes": {
            "alias": [],
            "allow_overwrite": true,
            "cidr_routing_policy": [],
            "failover_routing_policy": [],
            "fqdn": "_f198c93ae8d841b9f22500e358187794.andrew-mckenzie.com",
            "geolocation_routing_policy": [],
            "geoproximity_routing_policy": [],
            "health_check_id": "",
            "id": "Z05528691GZUWBDMFRZYW__f198c93ae8d841b9f22500e358187794.andrew-mckenzie.com._CNAME",
            "latency_routing_policy": [],
            "multivalue_answer_routing_policy": false,
            "name": "_f198c93ae8d841b9f22500e358187794.andrew-mckenzie.com",
            "records": [
              "_a67b1f35e21a80132d82cca6de8bb031.xlfgrmvvlj.acm-validations.aws."
            ],
            "set_identifier": "",
            "timeouts": null,
            "ttl": 60,
            "type": "CNAME",
            "weighted_routing_policy": [],
            "zone_id": "Z05528691GZUWBDMFRZYW"
          },
          "sensitive_attributes": [],
          "identity_schema_version": 0,
          "identity": {
            "account_id": "057372331974",
            "name": "_f198c93ae8d841b9f22500e358187794.andrew-mckenzie.com",
            "set_identifier": null,
            "type": "CNAME",
            "zone_id": "Z05528691GZUWBDMFRZYW"
          },
          "private": "eyJlMmJmYjczMC1lY2FhLTExZTYtOGY4OC0zNDM2M2JjN2M0YzAiOnsiY3JlYXRlIjoxODAwMDAwMDAwMDAwLCJkZWxldGUiOjE4MDAwMDAwMDAwMDAsInVwZGF0ZSI6MTgwMDAwMDAwMDAwMH0sInNjaGVtYV92ZXJzaW9uIjoiMiJ9",
          "dependencies": [
            "data.aws_route53_zone.primary",
            "module.acm_certificate.aws_acm_certificate.cert"
          ]
        }
      ]
    },
    {
      "module": "module.cloudfront_distribution",
      "mode": "managed",
      "type": "aws_cloudfront_distribution",
      "name": "s3_distribution",
      "provider": "provider[\"registry.terraform.io/hashicorp/aws\"]",
      "instances": [
        {
          "schema_version": 1,
          "attributes": {
            "aliases": [
              "www.andrew-mckenzie.com"
            ],
            "anycast_ip_list_id": "",
            "arn": "arn:aws:cloudfront::057372331974:distribution/E303IWY8D0U51T",
            "caller_reference": "terraform-20250819170807272400000003",
            "comment": "Distribution for www.andrew-mckenzie.com",
            "continuous_deployment_policy_id": "",
            "custom_error_response": [
              {
                "error_caching_min_ttl": 0,
                "error_code": 403,
                "response_code": 200,
                "response_page_path": "/index.html"
              },
              {
                "error_caching_min_ttl": 0,
                "error_code": 404,
                "response_code": 200,
                "response_page_path": "/index.html"
              }
            ],
            "default_cache_behavior": [
              {
                "allowed_methods": [
                  "GET",
                  "HEAD",
                  "OPTIONS"
                ],
                "cache_policy_id": "",
                "cached_methods": [
                  "GET",
                  "HEAD"
                ],
                "compress": false,
                "default_ttl": 3600,
                "field_level_encryption_id": "",
                "forwarded_values": [
                  {
                    "cookies": [
                      {
                        "forward": "none",
                        "whitelisted_names": []
                      }
                    ],
                    "headers": [],
                    "query_string": false,
                    "query_string_cache_keys": []
                  }
                ],
                "function_association": [],
                "grpc_config": [
                  {
                    "enabled": false
                  }
                ],
                "lambda_function_association": [],
                "max_ttl": 86400,
                "min_ttl": 0,
                "origin_request_policy_id": "",
                "realtime_log_config_arn": "",
                "response_headers_policy_id": "",
                "smooth_streaming": false,
                "target_origin_id": "andrew-mckenzie-static-site-bucket",
                "trusted_key_groups": [],
                "trusted_signers": [],
                "viewer_protocol_policy": "redirect-to-https"
              }
            ],
            "default_root_object": "index.html",
            "domain_name": "d1ldeernwez1jm.cloudfront.net",
            "enabled": true,
            "etag": "E149O5RAT82NEO",
            "hosted_zone_id": "Z2FDTNDATAQYW2",
            "http_version": "http2",
            "id": "E303IWY8D0U51T",
            "in_progress_validation_batches": 0,
            "is_ipv6_enabled": true,
            "last_modified_time": "2025-08-19 17:34:33.509 +0000 UTC",
            "logging_config": [],
            "ordered_cache_behavior": [],
            "origin": [
              {
                "connection_attempts": 3,
                "connection_timeout": 10,
                "custom_header": [],
                "custom_origin_config": [],
                "domain_name": "andrew-mckenzie-static-site-bucket.s3.us-east-1.amazonaws.com",
                "origin_access_control_id": "",
                "origin_id": "andrew-mckenzie-static-site-bucket",
                "origin_path": "",
                "origin_shield": [],
                "s3_origin_config": [
                  {
                    "origin_access_identity": "origin-access-identity/cloudfront/E16XGB4T3M350E"
                  }
                ],
                "vpc_origin_config": []
              }
            ],
            "origin_group": [],
            "price_class": "PriceClass_100",
            "restrictions": [
              {
                "geo_restriction": [
                  {
                    "locations": [],
                    "restriction_type": "none"
                  }
                ]
              }
            ],
            "retain_on_delete": false,
            "staging": false,
            "status": "Deployed",
            "tags": {},
            "tags_all": {},
            "trusted_key_groups": [
              {
                "enabled": false,
                "items": []
              }
            ],
            "trusted_signers": [
              {
                "enabled": false,
                "items": []
              }
            ],
            "viewer_certificate": [
              {
                "acm_certificate_arn": "arn:aws:acm:us-east-1:057372331974:certificate/41874e4e-b415-4d07-9e62-4c06e9ec2b30",
                "cloudfront_default_certificate": false,
                "iam_certificate_id": "",
                "minimum_protocol_version": "TLSv1.2_2021",
                "ssl_support_method": "sni-only"
              }
            ],
            "wait_for_deployment": true,
            "web_acl_id": ""
          },
          "sensitive_attributes": [],
          "identity_schema_version": 0,
          "private": "eyJzY2hlbWFfdmVyc2lvbiI6IjEifQ==",
          "dependencies": [
            "aws_cloudfront_origin_access_identity.oai",
            "module.acm_certificate.aws_acm_certificate.cert",
            "module.s3_static_website.aws_s3_bucket.website"
          ]
        }
      ]
    },
    {
      "module": "module.cloudfront_distribution",
      "mode": "managed",
      "type": "aws_cloudfront_origin_access_identity",
      "name": "oai",
      "provider": "provider[\"registry.terraform.io/hashicorp/aws\"]",
      "instances": [
        {
          "schema_version": 0,
          "attributes": {
            "arn": "arn:aws:cloudfront::057372331974:origin-access-identity/E2ZMPAQ77TH3PJ",
            "caller_reference": "terraform-20250819170801484700000002",
            "cloudfront_access_identity_path": "origin-access-identity/cloudfront/E2ZMPAQ77TH3PJ",
            "comment": "OAI for www.andrew-mckenzie.com",
            "etag": "E3UN6WX5RRO2AG",
            "iam_arn": "arn:aws:iam::cloudfront:user/CloudFront Origin Access Identity E2ZMPAQ77TH3PJ",
            "id": "E2ZMPAQ77TH3PJ",
            "s3_canonical_user_id": "987abf64239b7ed3d8f73233ef24788f8b46e47d21aa084260e2d1c764ae7c57d76c1c805cc9f8e5436256aeedf99226"
          },
          "sensitive_attributes": [],
          "identity_schema_version": 0,
          "private": "bnVsbA=="
        }
      ]
    },
    {
      "module": "module.cloudfront_distribution",
      "mode": "managed",
      "type": "null_resource",
      "name": "invalidation_trigger",
      "provider": "provider[\"registry.terraform.io/hashicorp/null\"]",
      "instances": [
        {
          "schema_version": 0,
          "attributes": {
            "id": "4385115008080725527",
            "triggers": {
              "content_version": "c50fa0dfca103103ae71ebe9b82286f330ce47b5"
            }
          },
          "sensitive_attributes": [],
          "identity_schema_version": 0,
          "dependencies": [
            "aws_cloudfront_origin_access_identity.oai",
            "module.acm_certificate.aws_acm_certificate.cert",
            "module.cloudfront_distribution.aws_cloudfront_distribution.s3_distribution",
            "module.s3_static_website.aws_s3_bucket.website",
            "module.s3_static_website.aws_s3_object.website_files"
          ]
        }
      ]
    },
    {
      "module": "module.route53_record",
      "mode": "managed",
      "type": "aws_route53_record",
      "name": "www",
      "provider": "provider[\"registry.terraform.io/hashicorp/aws\"]",
      "instances": [
        {
          "schema_version": 2,
          "attributes": {
            "alias": [
              {
                "evaluate_target_health": false,
                "name": "d1ldeernwez1jm.cloudfront.net",
                "zone_id": "Z2FDTNDATAQYW2"
              }
            ],
            "allow_overwrite": null,
            "cidr_routing_policy": [],
            "failover_routing_policy": [],
            "fqdn": "www.andrew-mckenzie.com",
            "geolocation_routing_policy": [],
            "geoproximity_routing_policy": [],
            "health_check_id": "",
            "id": "Z05528691GZUWBDMFRZYW_www_A",
            "latency_routing_policy": [],
            "multivalue_answer_routing_policy": false,
            "name": "www",
            "records": [],
            "set_identifier": "",
            "timeouts": null,
            "ttl": 0,
            "type": "A",
            "weighted_routing_policy": [],
            "zone_id": "Z05528691GZUWBDMFRZYW"
          },
          "sensitive_attributes": [],
          "identity_schema_version": 0,
          "identity": {
            "account_id": "057372331974",
            "name": "www",
            "set_identifier": null,
            "type": "A",
            "zone_id": "Z05528691GZUWBDMFRZYW"
          },
          "private": "eyJlMmJmYjczMC1lY2FhLTExZTYtOGY4OC0zNDM2M2JjN2M0YzAiOnsiY3JlYXRlIjoxODAwMDAwMDAwMDAwLCJkZWxldGUiOjE4MDAwMDAwMDAwMDAsInVwZGF0ZSI6MTgwMDAwMDAwMDAwMH0sInNjaGVtYV92ZXJzaW9uIjoiMiJ9",
          "dependencies": [
            "aws_cloudfront_origin_access_identity.oai",
            "data.aws_route53_zone.primary",
            "module.acm_certificate.aws_acm_certificate.cert",
            "module.cloudfront_distribution.aws_cloudfront_distribution.s3_distribution",
            "module.s3_static_website.aws_s3_bucket.website"
          ]
        }
      ]
    },
    {
      "module": "module.s3_static_website",
      "mode": "data",
      "type": "aws_iam_policy_document",
      "name": "s3_policy",
      "provider": "provider[\"registry.terraform.io/hashicorp/aws\"]",
      "instances": [
        {
          "schema_version": 0,
          "attributes": {
            "id": "245743418",
            "json": "{\n  \"Version\": \"2012-10-17\",\n  \"Statement\": [\n    {\n      \"Effect\": \"Allow\",\n      \"Action\": \"s3:GetObject\",\n      \"Resource\": \"arn:aws:s3:::andrew-mckenzie-static-site-bucket/*\",\n      \"Principal\": {\n        \"AWS\": \"arn:aws:iam::cloudfront:user/CloudFront Origin Access Identity E16XGB4T3M350E\"\n      }\n    }\n  ]\n}",
            "minified_json": "{\"Version\":\"2012-10-17\",\"Statement\":[{\"Effect\":\"Allow\",\"Action\":\"s3:GetObject\",\"Resource\":\"arn:aws:s3:::andrew-mckenzie-static-site-bucket/*\",\"Principal\":{\"AWS\":\"arn:aws:iam::cloudfront:user/CloudFront Origin Access Identity E16XGB4T3M350E\"}}]}",
            "override_json": null,
            "override_policy_documents": null,
            "policy_id": null,
            "source_json": null,
            "source_policy_documents": null,
            "statement": [
              {
                "actions": [
                  "s3:GetObject"
                ],
                "condition": [],
                "effect": "Allow",
                "not_actions": [],
                "not_principals": [],
                "not_resources": [],
                "principals": [
                  {
                    "identifiers": [
                      "arn:aws:iam::cloudfront:user/CloudFront Origin Access Identity E16XGB4T3M350E"
                    ],
                    "type": "AWS"
                  }
                ],
                "resources": [
                  "arn:aws:s3:::andrew-mckenzie-static-site-bucket/*"
                ],
                "sid": ""
              }
            ],
            "version": "2012-10-17"
          },
          "sensitive_attributes": [],
          "identity_schema_version": 0
        }
      ]
    },
    {
      "module": "module.s3_static_website",
      "mode": "managed",
      "type": "aws_s3_bucket",
      "name": "website",
      "provider": "provider[\"registry.terraform.io/hashicorp/aws\"]",
      "instances": [
        {
          "schema_version": 0,
          "attributes": {
            "acceleration_status": "",
            "acl": null,
            "arn": "arn:aws:s3:::andrew-mckenzie-static-site-bucket",
            "bucket": "andrew-mckenzie-static-site-bucket",
            "bucket_domain_name": "andrew-mckenzie-static-site-bucket.s3.amazonaws.com",
            "bucket_prefix": "",
            "bucket_region": "us-east-1",
            "bucket_regional_domain_name": "andrew-mckenzie-static-site-bucket.s3.us-east-1.amazonaws.com",
            "cors_rule": [],
            "force_destroy": false,
            "grant": [
              {
                "id": "d9faa961d493fdf43b70ddb2c37f251842a83da66006b356db51643930ddfab1",
                "permissions": [
                  "FULL_CONTROL"
                ],
                "type": "CanonicalUser",
                "uri": ""
              }
            ],
            "hosted_zone_id": "Z3AQBSTGFYJSTF",
            "id": "andrew-mckenzie-static-site-bucket",
            "lifecycle_rule": [],
            "logging": [],
            "object_lock_configuration": [],
            "object_lock_enabled": false,
            "policy": "{\"Statement\":[{\"Action\":\"s3:GetObject\",\"Effect\":\"Allow\",\"Principal\":{\"AWS\":\"arn:aws:iam::cloudfront:user/CloudFront Origin Access Identity E16XGB4T3M350E\"},\"Resource\":\"arn:aws:s3:::andrew-mckenzie-static-site-bucket/*\"}],\"Version\":\"2012-10-17\"}",
            "region": "us-east-1",
            "replication_configuration": [],
            "request_payer": "BucketOwner",
            "server_side_encryption_configuration": [
              {
                "rule": [
                  {
                    "apply_server_side_encryption_by_default": [
                      {
                        "kms_master_key_id": "",
                        "sse_algorithm": "AES256"
                      }
                    ],
                    "bucket_key_enabled": false
                  }
                ]
              }
            ],
            "tags": {},
            "tags_all": {},
            "timeouts": null,
            "versioning": [
              {
                "enabled": false,
                "mfa_delete": false
              }
            ],
            "website": [
              {
                "error_document": "index.html",
                "index_document": "index.html",
                "redirect_all_requests_to": "",
                "routing_rules": ""
              }
            ],
            "website_domain": "s3-website-us-east-1.amazonaws.com",
            "website_endpoint": "andrew-mckenzie-static-site-bucket.s3-website-us-east-1.amazonaws.com"
          },
          "sensitive_attributes": [],
          "identity_schema_version": 0,
          "identity": {
            "account_id": "057372331974",
            "bucket": "andrew-mckenzie-static-site-bucket",
            "region": "us-east-1"
          },
          "private": "eyJlMmJmYjczMC1lY2FhLTExZTYtOGY4OC0zNDM2M2JjN2M0YzAiOnsiY3JlYXRlIjoxMjAwMDAwMDAwMDAwLCJkZWxldGUiOjM2MDAwMDAwMDAwMDAsInJlYWQiOjEyMDAwMDAwMDAwMDAsInVwZGF0ZSI6MTIwMDAwMDAwMDAwMH19"
        }
      ]
    },
    {
      "module": "module.s3_static_website",
      "mode": "managed",
      "type": "aws_s3_bucket_ownership_controls",
      "name": "website",
      "provider": "provider[\"registry.terraform.io/hashicorp/aws\"]",
      "instances": [
        {
          "schema_version": 0,
          "attributes": {
            "bucket": "andrew-mckenzie-static-site-bucket",
            "id": "andrew-mckenzie-static-site-bucket",
            "region": "us-east-1",
            "rule": [
              {
                "object_ownership": "BucketOwnerEnforced"
              }
            ]
          },
          "sensitive_attributes": [],
          "identity_schema_version": 0,
          "private": "bnVsbA==",
          "dependencies": [
            "module.s3_static_website.aws_s3_bucket.website"
          ]
        }
      ]
    },
    {
      "module": "module.s3_static_website",
      "mode": "managed",
      "type": "aws_s3_bucket_policy",
      "name": "website",
      "provider": "provider[\"registry.terraform.io/hashicorp/aws\"]",
      "instances": [
        {
          "schema_version": 0,
          "attributes": {
            "bucket": "andrew-mckenzie-static-site-bucket",
            "id": "andrew-mckenzie-static-site-bucket",
            "policy": "{\"Statement\":[{\"Action\":\"s3:GetObject\",\"Effect\":\"Allow\",\"Principal\":{\"AWS\":\"arn:aws:iam::cloudfront:user/CloudFront Origin Access Identity E16XGB4T3M350E\"},\"Resource\":\"arn:aws:s3:::andrew-mckenzie-static-site-bucket/*\"}],\"Version\":\"2012-10-17\"}",
            "region": "us-east-1"
          },
          "sensitive_attributes": [],
          "identity_schema_version": 0,
          "private": "bnVsbA==",
          "dependencies": [
            "aws_cloudfront_origin_access_identity.oai",
            "module.s3_static_website.aws_s3_bucket.website",
            "module.s3_static_website.data.aws_iam_policy_document.s3_policy"
          ]
        }
      ]
    },
    {
      "module": "module.s3_static_website",
      "mode": "managed",
      "type": "aws_s3_bucket_public_access_block",
      "name": "website",
      "provider": "provider[\"registry.terraform.io/hashicorp/aws\"]",
      "instances": [
        {
          "schema_version": 0,
          "attributes": {
            "block_public_acls": true,
            "block_public_policy": true,
            "bucket": "andrew-mckenzie-static-site-bucket",
            "id": "andrew-mckenzie-static-site-bucket",
            "ignore_public_acls": true,
            "region": "us-east-1",
            "restrict_public_buckets": true,
            "skip_destroy": null
          },
          "sensitive_attributes": [],
          "identity_schema_version": 0,
          "private": "bnVsbA==",
          "dependencies": [
            "module.s3_static_website.aws_s3_bucket.website"
          ]
        }
      ]
    },
    {
      "module": "module.s3_static_website",
      "mode": "managed",
      "type": "aws_s3_bucket_website_configuration",
      "name": "website",
      "provider": "provider[\"registry.terraform.io/hashicorp/aws\"]",
      "instances": [
        {
          "schema_version": 0,
          "attributes": {
            "bucket": "andrew-mckenzie-static-site-bucket",
            "error_document": [
              {
                "key": "index.html"
              }
            ],
            "expected_bucket_owner": "",
            "id": "andrew-mckenzie-static-site-bucket",
            "index_document": [
              {
                "suffix": "index.html"
              }
            ],
            "redirect_all_requests_to": [],
            "region": "us-east-1",
            "routing_rule": [],
            "routing_rules": "",
            "website_domain": "s3-website-us-east-1.amazonaws.com",
            "website_endpoint": "andrew-mckenzie-static-site-bucket.s3-website-us-east-1.amazonaws.com"
          },
          "sensitive_attributes": [],
          "identity_schema_version": 0,
          "private": "bnVsbA==",
          "dependencies": [
            "module.s3_static_website.aws_s3_bucket.website"
          ]
        }
      ]
    },
    {
      "module": "module.s3_static_website",
      "mode": "managed",
      "type": "aws_s3_object",
      "name": "website_files",
      "provider": "provider[\"registry.terraform.io/hashicorp/aws\"]",
      "instances": [
        {
          "index_key": "1198724d832d2d33c201.png",
          "schema_version": 0,
          "attributes": {
            "acl": null,
            "arn": "arn:aws:s3:::andrew-mckenzie-static-site-bucket/1198724d832d2d33c201.png",
            "bucket": "andrew-mckenzie-static-site-bucket",
            "bucket_key_enabled": false,
            "cache_control": "",
            "checksum_algorithm": null,
            "checksum_crc32": "",
            "checksum_crc32c": "",
            "checksum_crc64nvme": "",
            "checksum_sha1": "",
            "checksum_sha256": "",
            "content": null,
            "content_base64": null,
            "content_disposition": "",
            "content_encoding": "",
            "content_language": "",
            "content_type": "images/png",
            "etag": "32bf430883abd5b956bbcc63db56897a",
            "force_destroy": false,
            "id": "andrew-mckenzie-static-site-bucket/1198724d832d2d33c201.png",
            "key": "1198724d832d2d33c201.png",
            "kms_key_id": null,
            "metadata": {},
            "object_lock_legal_hold_status": "",
            "object_lock_mode": "",
            "object_lock_retain_until_date": "",
            "override_provider": [],
            "region": "us-east-1",
            "server_side_encryption": "AES256",
            "source": "../portfolio-website/blu371ck-portfolio/dist//1198724d832d2d33c201.png",
            "source_hash": null,
            "storage_class": "STANDARD",
            "tags": {},
            "tags_all": {},
            "version_id": "",
            "website_redirect": ""
          },
          "sensitive_attributes": [],
          "identity_schema_version": 0,
          "identity": {
            "account_id": "057372331974",
            "bucket": "andrew-mckenzie-static-site-bucket",
            "key": "1198724d832d2d33c201.png",
            "region": "us-east-1"
          },
          "private": "bnVsbA==",
          "dependencies": [
            "module.s3_static_website.aws_s3_bucket.website"
          ]
        },
        {
          "index_key": "1540553e9c849fb48273.png",
          "schema_version": 0,
          "attributes": {
            "acl": null,
            "arn": "arn:aws:s3:::andrew-mckenzie-static-site-bucket/1540553e9c849fb48273.png",
            "bucket": "andrew-mckenzie-static-site-bucket",
            "bucket_key_enabled": false,
            "cache_control": "",
            "checksum_algorithm": null,
            "checksum_crc32": "",
            "checksum_crc32c": "",
            "checksum_crc64nvme": "",
            "checksum_sha1": "",
            "checksum_sha256": "",
            "content": null,
            "content_base64": null,
            "content_disposition": "",
            "content_encoding": "",
            "content_language": "",
            "content_type": "images/png",
            "etag": "6b860ed48f42b52d254c7d32c94bc301",
            "force_destroy": false,
            "id": "andrew-mckenzie-static-site-bucket/1540553e9c849fb48273.png",
            "key": "1540553e9c849fb48273.png",
            "kms_key_id": null,
            "metadata": {},
            "object_lock_legal_hold_status": "",
            "object_lock_mode": "",
            "object_lock_retain_until_date": "",
            "override_provider": [],
            "region": "us-east-1",
            "server_side_encryption": "AES256",
            "source": "../portfolio-website/blu371ck-portfolio/dist//1540553e9c849fb48273.png",
            "source_hash": null,
            "storage_class": "STANDARD",
            "tags": {},
            "tags_all": {},
            "version_id": "",
            "website_redirect": ""
          },
          "sensitive_attributes": [],
          "identity_schema_version": 0,
          "identity": {
            "account_id": "057372331974",
            "bucket": "andrew-mckenzie-static-site-bucket",
            "key": "1540553e9c849fb48273.png",
            "region": "us-east-1"
          },
          "private": "bnVsbA==",
          "dependencies": [
            "module.s3_static_website.aws_s3_bucket.website"
          ]
        },
        {
          "index_key": "21a6a35cbe059edb28e2.png",
          "schema_version": 0,
          "attributes": {
            "acl": null,
            "arn": "arn:aws:s3:::andrew-mckenzie-static-site-bucket/21a6a35cbe059edb28e2.png",
            "bucket": "andrew-mckenzie-static-site-bucket",
            "bucket_key_enabled": false,
            "cache_control": "",
            "checksum_algorithm": null,
            "checksum_crc32": "",
            "checksum_crc32c": "",
            "checksum_crc64nvme": "",
            "checksum_sha1": "",
            "checksum_sha256": "",
            "content": null,
            "content_base64": null,
            "content_disposition": "",
            "content_encoding": "",
            "content_language": "",
            "content_type": "images/png",
            "etag": "1f76cebd70cb3134b3820d24c18ee523",
            "force_destroy": false,
            "id": "andrew-mckenzie-static-site-bucket/21a6a35cbe059edb28e2.png",
            "key": "21a6a35cbe059edb28e2.png",
            "kms_key_id": null,
            "metadata": {},
            "object_lock_legal_hold_status": "",
            "object_lock_mode": "",
            "object_lock_retain_until_date": "",
            "override_provider": [],
            "region": "us-east-1",
            "server_side_encryption": "AES256",
            "source": "../portfolio-website/blu371ck-portfolio/dist//21a6a35cbe059edb28e2.png",
            "source_hash": null,
            "storage_class": "STANDARD",
            "tags": {},
            "tags_all": {},
            "version_id": "",
            "website_redirect": ""
          },
          "sensitive_attributes": [],
          "identity_schema_version": 0,
          "identity": {
            "account_id": "057372331974",
            "bucket": "andrew-mckenzie-static-site-bucket",
            "key": "21a6a35cbe059edb28e2.png",
            "region": "us-east-1"
          },
          "private": "bnVsbA==",
          "dependencies": [
            "module.s3_static_website.aws_s3_bucket.website"
          ]
        },
        {
          "index_key": "24044d81d49dcbc6a5c6.png",
          "schema_version": 0,
          "attributes": {
            "acl": null,
            "arn": "arn:aws:s3:::andrew-mckenzie-static-site-bucket/24044d81d49dcbc6a5c6.png",
            "bucket": "andrew-mckenzie-static-site-bucket",
            "bucket_key_enabled": false,
            "cache_control": "",
            "checksum_algorithm": null,
            "checksum_crc32": "",
            "checksum_crc32c": "",
            "checksum_crc64nvme": "",
            "checksum_sha1": "",
            "checksum_sha256": "",
            "content": null,
            "content_base64": null,
            "content_disposition": "",
            "content_encoding": "",
            "content_language": "",
            "content_type": "images/png",
            "etag": "3ff3a6676c686a275374a8283a707ed4",
            "force_destroy": false,
            "id": "andrew-mckenzie-static-site-bucket/24044d81d49dcbc6a5c6.png",
            "key": "24044d81d49dcbc6a5c6.png",
            "kms_key_id": null,
            "metadata": {},
            "object_lock_legal_hold_status": "",
            "object_lock_mode": "",
            "object_lock_retain_until_date": "",
            "override_provider": [],
            "region": "us-east-1",
            "server_side_encryption": "AES256",
            "source": "../portfolio-website/blu371ck-portfolio/dist//24044d81d49dcbc6a5c6.png",
            "source_hash": null,
            "storage_class": "STANDARD",
            "tags": {},
            "tags_all": {},
            "version_id": "",
            "website_redirect": ""
          },
          "sensitive_attributes": [],
          "identity_schema_version": 0,
          "identity": {
            "account_id": "057372331974",
            "bucket": "andrew-mckenzie-static-site-bucket",
            "key": "24044d81d49dcbc6a5c6.png",
            "region": "us-east-1"
          },
          "private": "bnVsbA==",
          "dependencies": [
            "module.s3_static_website.aws_s3_bucket.website"
          ]
        },
        {
          "index_key": "2e1ca5e2462b355d5709.png",
          "schema_version": 0,
          "attributes": {
            "acl": null,
            "arn": "arn:aws:s3:::andrew-mckenzie-static-site-bucket/2e1ca5e2462b355d5709.png",
            "bucket": "andrew-mckenzie-static-site-bucket",
            "bucket_key_enabled": false,
            "cache_control": "",
            "checksum_algorithm": null,
            "checksum_crc32": "",
            "checksum_crc32c": "",
            "checksum_crc64nvme": "",
            "checksum_sha1": "",
            "checksum_sha256": "",
            "content": null,
            "content_base64": null,
            "content_disposition": "",
            "content_encoding": "",
            "content_language": "",
            "content_type": "images/png",
            "etag": "8cbd2adb6e86ac77ce54b62433adc07f",
            "force_destroy": false,
            "id": "andrew-mckenzie-static-site-bucket/2e1ca5e2462b355d5709.png",
            "key": "2e1ca5e2462b355d5709.png",
            "kms_key_id": null,
            "metadata": {},
            "object_lock_legal_hold_status": "",
            "object_lock_mode": "",
            "object_lock_retain_until_date": "",
            "override_provider": [],
            "region": "us-east-1",
            "server_side_encryption": "AES256",
            "source": "../portfolio-website/blu371ck-portfolio/dist//2e1ca5e2462b355d5709.png",
            "source_hash": null,
            "storage_class": "STANDARD",
            "tags": {},
            "tags_all": {},
            "version_id": "",
            "website_redirect": ""
          },
          "sensitive_attributes": [],
          "identity_schema_version": 0,
          "identity": {
            "account_id": "057372331974",
            "bucket": "andrew-mckenzie-static-site-bucket",
            "key": "2e1ca5e2462b355d5709.png",
            "region": "us-east-1"
          },
          "private": "bnVsbA==",
          "dependencies": [
            "module.s3_static_website.aws_s3_bucket.website"
          ]
        },
        {
          "index_key": "2e938b5b10ae64e9c5d8.png",
          "schema_version": 0,
          "attributes": {
            "acl": null,
            "arn": "arn:aws:s3:::andrew-mckenzie-static-site-bucket/2e938b5b10ae64e9c5d8.png",
            "bucket": "andrew-mckenzie-static-site-bucket",
            "bucket_key_enabled": false,
            "cache_control": "",
            "checksum_algorithm": null,
            "checksum_crc32": "",
            "checksum_crc32c": "",
            "checksum_crc64nvme": "",
            "checksum_sha1": "",
            "checksum_sha256": "",
            "content": null,
            "content_base64": null,
            "content_disposition": "",
            "content_encoding": "",
            "content_language": "",
            "content_type": "images/png",
            "etag": "343aed7a23ea6b5238799abb51481a70",
            "force_destroy": false,
            "id": "andrew-mckenzie-static-site-bucket/2e938b5b10ae64e9c5d8.png",
            "key": "2e938b5b10ae64e9c5d8.png",
            "kms_key_id": null,
            "metadata": {},
            "object_lock_legal_hold_status": "",
            "object_lock_mode": "",
            "object_lock_retain_until_date": "",
            "override_provider": [],
            "region": "us-east-1",
            "server_side_encryption": "AES256",
            "source": "../portfolio-website/blu371ck-portfolio/dist//2e938b5b10ae64e9c5d8.png",
            "source_hash": null,
            "storage_class": "STANDARD",
            "tags": {},
            "tags_all": {},
            "version_id": "",
            "website_redirect": ""
          },
          "sensitive_attributes": [],
          "identity_schema_version": 0,
          "identity": {
            "account_id": "057372331974",
            "bucket": "andrew-mckenzie-static-site-bucket",
            "key": "2e938b5b10ae64e9c5d8.png",
            "region": "us-east-1"
          },
          "private": "bnVsbA==",
          "dependencies": [
            "module.s3_static_website.aws_s3_bucket.website"
          ]
        },
        {
          "index_key": "3f9ad89e72884772c05d.png",
          "schema_version": 0,
          "attributes": {
            "acl": null,
            "arn": "arn:aws:s3:::andrew-mckenzie-static-site-bucket/3f9ad89e72884772c05d.png",
            "bucket": "andrew-mckenzie-static-site-bucket",
            "bucket_key_enabled": false,
            "cache_control": "",
            "checksum_algorithm": null,
            "checksum_crc32": "",
            "checksum_crc32c": "",
            "checksum_crc64nvme": "",
            "checksum_sha1": "",
            "checksum_sha256": "",
            "content": null,
            "content_base64": null,
            "content_disposition": "",
            "content_encoding": "",
            "content_language": "",
            "content_type": "images/png",
            "etag": "34733a91407ac46baacc4b5e08626c1e",
            "force_destroy": false,
            "id": "andrew-mckenzie-static-site-bucket/3f9ad89e72884772c05d.png",
            "key": "3f9ad89e72884772c05d.png",
            "kms_key_id": null,
            "metadata": {},
            "object_lock_legal_hold_status": "",
            "object_lock_mode": "",
            "object_lock_retain_until_date": "",
            "override_provider": [],
            "region": "us-east-1",
            "server_side_encryption": "AES256",
            "source": "../portfolio-website/blu371ck-portfolio/dist//3f9ad89e72884772c05d.png",
            "source_hash": null,
            "storage_class": "STANDARD",
            "tags": {},
            "tags_all": {},
            "version_id": "",
            "website_redirect": ""
          },
          "sensitive_attributes": [],
          "identity_schema_version": 0,
          "identity": {
            "account_id": "057372331974",
            "bucket": "andrew-mckenzie-static-site-bucket",
            "key": "3f9ad89e72884772c05d.png",
            "region": "us-east-1"
          },
          "private": "bnVsbA==",
          "dependencies": [
            "module.s3_static_website.aws_s3_bucket.website"
          ]
        },
        {
          "index_key": "426ab7442970de1cfacc.png",
          "schema_version": 0,
          "attributes": {
            "acl": null,
            "arn": "arn:aws:s3:::andrew-mckenzie-static-site-bucket/426ab7442970de1cfacc.png",
            "bucket": "andrew-mckenzie-static-site-bucket",
            "bucket_key_enabled": false,
            "cache_control": "",
            "checksum_algorithm": null,
            "checksum_crc32": "",
            "checksum_crc32c": "",
            "checksum_crc64nvme": "",
            "checksum_sha1": "",
            "checksum_sha256": "",
            "content": null,
            "content_base64": null,
            "content_disposition": "",
            "content_encoding": "",
            "content_language": "",
            "content_type": "images/png",
            "etag": "b134e7b47356a808c0fc8fb546378f0b",
            "force_destroy": false,
            "id": "andrew-mckenzie-static-site-bucket/426ab7442970de1cfacc.png",
            "key": "426ab7442970de1cfacc.png",
            "kms_key_id": null,
            "metadata": {},
            "object_lock_legal_hold_status": "",
            "object_lock_mode": "",
            "object_lock_retain_until_date": "",
            "override_provider": [],
            "region": "us-east-1",
            "server_side_encryption": "AES256",
            "source": "../portfolio-website/blu371ck-portfolio/dist//426ab7442970de1cfacc.png",
            "source_hash": null,
            "storage_class": "STANDARD",
            "tags": {},
            "tags_all": {},
            "version_id": "",
            "website_redirect": ""
          },
          "sensitive_attributes": [],
          "identity_schema_version": 0,
          "identity": {
            "account_id": "057372331974",
            "bucket": "andrew-mckenzie-static-site-bucket",
            "key": "426ab7442970de1cfacc.png",
            "region": "us-east-1"
          },
          "private": "bnVsbA==",
          "dependencies": [
            "module.s3_static_website.aws_s3_bucket.website"
          ]
        },
        {
          "index_key": "574b44f4e50c09beaa88.png",
          "schema_version": 0,
          "attributes": {
            "acl": null,
            "arn": "arn:aws:s3:::andrew-mckenzie-static-site-bucket/574b44f4e50c09beaa88.png",
            "bucket": "andrew-mckenzie-static-site-bucket",
            "bucket_key_enabled": false,
            "cache_control": "",
            "checksum_algorithm": null,
            "checksum_crc32": "",
            "checksum_crc32c": "",
            "checksum_crc64nvme": "",
            "checksum_sha1": "",
            "checksum_sha256": "",
            "content": null,
            "content_base64": null,
            "content_disposition": "",
            "content_encoding": "",
            "content_language": "",
            "content_type": "images/png",
            "etag": "d81b283d682138f14b429fadd70696e0",
            "force_destroy": false,
            "id": "andrew-mckenzie-static-site-bucket/574b44f4e50c09beaa88.png",
            "key": "574b44f4e50c09beaa88.png",
            "kms_key_id": null,
            "metadata": {},
            "object_lock_legal_hold_status": "",
            "object_lock_mode": "",
            "object_lock_retain_until_date": "",
            "override_provider": [],
            "region": "us-east-1",
            "server_side_encryption": "AES256",
            "source": "../portfolio-website/blu371ck-portfolio/dist//574b44f4e50c09beaa88.png",
            "source_hash": null,
            "storage_class": "STANDARD",
            "tags": {},
            "tags_all": {},
            "version_id": "",
            "website_redirect": ""
          },
          "sensitive_attributes": [],
          "identity_schema_version": 0,
          "identity": {
            "account_id": "057372331974",
            "bucket": "andrew-mckenzie-static-site-bucket",
            "key": "574b44f4e50c09beaa88.png",
            "region": "us-east-1"
          },
          "private": "bnVsbA==",
          "dependencies": [
            "module.s3_static_website.aws_s3_bucket.website"
          ]
        },
        {
          "index_key": "5885bdb1bb1ae4f6867d.png",
          "schema_version": 0,
          "attributes": {
            "acl": null,
            "arn": "arn:aws:s3:::andrew-mckenzie-static-site-bucket/5885bdb1bb1ae4f6867d.png",
            "bucket": "andrew-mckenzie-static-site-bucket",
            "bucket_key_enabled": false,
            "cache_control": "",
            "checksum_algorithm": null,
            "checksum_crc32": "",
            "checksum_crc32c": "",
            "checksum_crc64nvme": "",
            "checksum_sha1": "",
            "checksum_sha256": "",
            "content": null,
            "content_base64": null,
            "content_disposition": "",
            "content_encoding": "",
            "content_language": "",
            "content_type": "images/png",
            "etag": "a3211c1fd5a4d472921a0ee81b9bfbff",
            "force_destroy": false,
            "id": "andrew-mckenzie-static-site-bucket/5885bdb1bb1ae4f6867d.png",
            "key": "5885bdb1bb1ae4f6867d.png",
            "kms_key_id": null,
            "metadata": {},
            "object_lock_legal_hold_status": "",
            "object_lock_mode": "",
            "object_lock_retain_until_date": "",
            "override_provider": [],
            "region": "us-east-1",
            "server_side_encryption": "AES256",
            "source": "../portfolio-website/blu371ck-portfolio/dist//5885bdb1bb1ae4f6867d.png",
            "source_hash": null,
            "storage_class": "STANDARD",
            "tags": {},
            "tags_all": {},
            "version_id": "",
            "website_redirect": ""
          },
          "sensitive_attributes": [],
          "identity_schema_version": 0,
          "identity": {
            "account_id": "057372331974",
            "bucket": "andrew-mckenzie-static-site-bucket",
            "key": "5885bdb1bb1ae4f6867d.png",
            "region": "us-east-1"
          },
          "private": "bnVsbA==",
          "dependencies": [
            "module.s3_static_website.aws_s3_bucket.website"
          ]
        },
        {
          "index_key": "5de5ac5041c48c198d8b.png",
          "schema_version": 0,
          "attributes": {
            "acl": null,
            "arn": "arn:aws:s3:::andrew-mckenzie-static-site-bucket/5de5ac5041c48c198d8b.png",
            "bucket": "andrew-mckenzie-static-site-bucket",
            "bucket_key_enabled": false,
            "cache_control": "",
            "checksum_algorithm": null,
            "checksum_crc32": "",
            "checksum_crc32c": "",
            "checksum_crc64nvme": "",
            "checksum_sha1": "",
            "checksum_sha256": "",
            "content": null,
            "content_base64": null,
            "content_disposition": "",
            "content_encoding": "",
            "content_language": "",
            "content_type": "images/png",
            "etag": "32b22e4c20b3ca3735390c6f04e1f85c",
            "force_destroy": false,
            "id": "andrew-mckenzie-static-site-bucket/5de5ac5041c48c198d8b.png",
            "key": "5de5ac5041c48c198d8b.png",
            "kms_key_id": null,
            "metadata": {},
            "object_lock_legal_hold_status": "",
            "object_lock_mode": "",
            "object_lock_retain_until_date": "",
            "override_provider": [],
            "region": "us-east-1",
            "server_side_encryption": "AES256",
            "source": "../portfolio-website/blu371ck-portfolio/dist//5de5ac5041c48c198d8b.png",
            "source_hash": null,
            "storage_class": "STANDARD",
            "tags": {},
            "tags_all": {},
            "version_id": "",
            "website_redirect": ""
          },
          "sensitive_attributes": [],
          "identity_schema_version": 0,
          "identity": {
            "account_id": "057372331974",
            "bucket": "andrew-mckenzie-static-site-bucket",
            "key": "5de5ac5041c48c198d8b.png",
            "region": "us-east-1"
          },
          "private": "bnVsbA==",
          "dependencies": [
            "module.s3_static_website.aws_s3_bucket.website"
          ]
        },
        {
          "index_key": "72a7abe2559ff7ef49fb.png",
          "schema_version": 0,
          "attributes": {
            "acl": null,
            "arn": "arn:aws:s3:::andrew-mckenzie-static-site-bucket/72a7abe2559ff7ef49fb.png",
            "bucket": "andrew-mckenzie-static-site-bucket",
            "bucket_key_enabled": false,
            "cache_control": "",
            "checksum_algorithm": null,
            "checksum_crc32": "",
            "checksum_crc32c": "",
            "checksum_crc64nvme": "",
            "checksum_sha1": "",
            "checksum_sha256": "",
            "content": null,
            "content_base64": null,
            "content_disposition": "",
            "content_encoding": "",
            "content_language": "",
            "content_type": "images/png",
            "etag": "fbe9c6e7b87136551a113b31d74297fd",
            "force_destroy": false,
            "id": "andrew-mckenzie-static-site-bucket/72a7abe2559ff7ef49fb.png",
            "key": "72a7abe2559ff7ef49fb.png",
            "kms_key_id": null,
            "metadata": {},
            "object_lock_legal_hold_status": "",
            "object_lock_mode": "",
            "object_lock_retain_until_date": "",
            "override_provider": [],
            "region": "us-east-1",
            "server_side_encryption": "AES256",
            "source": "../portfolio-website/blu371ck-portfolio/dist//72a7abe2559ff7ef49fb.png",
            "source_hash": null,
            "storage_class": "STANDARD",
            "tags": {},
            "tags_all": {},
            "version_id": "",
            "website_redirect": ""
          },
          "sensitive_attributes": [],
          "identity_schema_version": 0,
          "identity": {
            "account_id": "057372331974",
            "bucket": "andrew-mckenzie-static-site-bucket",
            "key": "72a7abe2559ff7ef49fb.png",
            "region": "us-east-1"
          },
          "private": "bnVsbA==",
          "dependencies": [
            "module.s3_static_website.aws_s3_bucket.website"
          ]
        },
        {
          "index_key": "794.608bda55d499d9b344fb.js",
          "schema_version": 0,
          "attributes": {
            "acl": null,
            "arn": "arn:aws:s3:::andrew-mckenzie-static-site-bucket/794.608bda55d499d9b344fb.js",
            "bucket": "andrew-mckenzie-static-site-bucket",
            "bucket_key_enabled": false,
            "cache_control": "",
            "checksum_algorithm": null,
            "checksum_crc32": "",
            "checksum_crc32c": "",
            "checksum_crc64nvme": "",
            "checksum_sha1": "",
            "checksum_sha256": "",
            "content": null,
            "content_base64": null,
            "content_disposition": "",
            "content_encoding": "",
            "content_language": "",
            "content_type": "application/javascript",
            "etag": "f9a3ff651fe2dde856e558700f35e67f",
            "force_destroy": false,
            "id": "andrew-mckenzie-static-site-bucket/794.608bda55d499d9b344fb.js",
            "key": "794.608bda55d499d9b344fb.js",
            "kms_key_id": null,
            "metadata": {},
            "object_lock_legal_hold_status": "",
            "object_lock_mode": "",
            "object_lock_retain_until_date": "",
            "override_provider": [],
            "region": "us-east-1",
            "server_side_encryption": "AES256",
            "source": "../portfolio-website/blu371ck-portfolio/dist//794.608bda55d499d9b344fb.js",
            "source_hash": null,
            "storage_class": "STANDARD",
            "tags": {},
            "tags_all": {},
            "version_id": "",
            "website_redirect": ""
          },
          "sensitive_attributes": [],
          "identity_schema_version": 0,
          "identity": {
            "account_id": "057372331974",
            "bucket": "andrew-mckenzie-static-site-bucket",
            "key": "794.608bda55d499d9b344fb.js",
            "region": "us-east-1"
          },
          "private": "bnVsbA==",
          "dependencies": [
            "module.s3_static_website.aws_s3_bucket.website"
          ]
        },
        {
          "index_key": "794.608bda55d499d9b344fb.js.LICENSE.txt",
          "schema_version": 0,
          "attributes": {
            "acl": null,
            "arn": "arn:aws:s3:::andrew-mckenzie-static-site-bucket/794.608bda55d499d9b344fb.js.LICENSE.txt",
            "bucket": "andrew-mckenzie-static-site-bucket",
            "bucket_key_enabled": false,
            "cache_control": "",
            "checksum_algorithm": null,
            "checksum_crc32": "",
            "checksum_crc32c": "",
            "checksum_crc64nvme": "",
            "checksum_sha1": "",
            "checksum_sha256": "",
            "content": null,
            "content_base64": null,
            "content_disposition": "",
            "content_encoding": "",
            "content_language": "",
            "content_type": "application/octet-stream",
            "etag": "29bb6678ae1eeb0ad3d4532f67193f5c",
            "force_destroy": false,
            "id": "andrew-mckenzie-static-site-bucket/794.608bda55d499d9b344fb.js.LICENSE.txt",
            "key": "794.608bda55d499d9b344fb.js.LICENSE.txt",
            "kms_key_id": null,
            "metadata": {},
            "object_lock_legal_hold_status": "",
            "object_lock_mode": "",
            "object_lock_retain_until_date": "",
            "override_provider": [],
            "region": "us-east-1",
            "server_side_encryption": "AES256",
            "source": "../portfolio-website/blu371ck-portfolio/dist//794.608bda55d499d9b344fb.js.LICENSE.txt",
            "source_hash": null,
            "storage_class": "STANDARD",
            "tags": {},
            "tags_all": {},
            "version_id": "",
            "website_redirect": ""
          },
          "sensitive_attributes": [],
          "identity_schema_version": 0,
          "identity": {
            "account_id": "057372331974",
            "bucket": "andrew-mckenzie-static-site-bucket",
            "key": "794.608bda55d499d9b344fb.js.LICENSE.txt",
            "region": "us-east-1"
          },
          "private": "bnVsbA==",
          "dependencies": [
            "module.s3_static_website.aws_s3_bucket.website"
          ]
        },
        {
          "index_key": "89ce57567398447ccd0c.png",
          "schema_version": 0,
          "attributes": {
            "acl": null,
            "arn": "arn:aws:s3:::andrew-mckenzie-static-site-bucket/89ce57567398447ccd0c.png",
            "bucket": "andrew-mckenzie-static-site-bucket",
            "bucket_key_enabled": false,
            "cache_control": "",
            "checksum_algorithm": null,
            "checksum_crc32": "",
            "checksum_crc32c": "",
            "checksum_crc64nvme": "",
            "checksum_sha1": "",
            "checksum_sha256": "",
            "content": null,
            "content_base64": null,
            "content_disposition": "",
            "content_encoding": "",
            "content_language": "",
            "content_type": "images/png",
            "etag": "8da392ee4ad24796e08305ba44f1df84",
            "force_destroy": false,
            "id": "andrew-mckenzie-static-site-bucket/89ce57567398447ccd0c.png",
            "key": "89ce57567398447ccd0c.png",
            "kms_key_id": null,
            "metadata": {},
            "object_lock_legal_hold_status": "",
            "object_lock_mode": "",
            "object_lock_retain_until_date": "",
            "override_provider": [],
            "region": "us-east-1",
            "server_side_encryption": "AES256",
            "source": "../portfolio-website/blu371ck-portfolio/dist//89ce57567398447ccd0c.png",
            "source_hash": null,
            "storage_class": "STANDARD",
            "tags": {},
            "tags_all": {},
            "version_id": "",
            "website_redirect": ""
          },
          "sensitive_attributes": [],
          "identity_schema_version": 0,
          "identity": {
            "account_id": "057372331974",
            "bucket": "andrew-mckenzie-static-site-bucket",
            "key": "89ce57567398447ccd0c.png",
            "region": "us-east-1"
          },
          "private": "bnVsbA==",
          "dependencies": [
            "module.s3_static_website.aws_s3_bucket.website"
          ]
        },
        {
          "index_key": "8f8489d863ea5f87df93.png",
          "schema_version": 0,
          "attributes": {
            "acl": null,
            "arn": "arn:aws:s3:::andrew-mckenzie-static-site-bucket/8f8489d863ea5f87df93.png",
            "bucket": "andrew-mckenzie-static-site-bucket",
            "bucket_key_enabled": false,
            "cache_control": "",
            "checksum_algorithm": null,
            "checksum_crc32": "",
            "checksum_crc32c": "",
            "checksum_crc64nvme": "",
            "checksum_sha1": "",
            "checksum_sha256": "",
            "content": null,
            "content_base64": null,
            "content_disposition": "",
            "content_encoding": "",
            "content_language": "",
            "content_type": "images/png",
            "etag": "b909e149bd9eed84921466ef5e6c453e",
            "force_destroy": false,
            "id": "andrew-mckenzie-static-site-bucket/8f8489d863ea5f87df93.png",
            "key": "8f8489d863ea5f87df93.png",
            "kms_key_id": null,
            "metadata": {},
            "object_lock_legal_hold_status": "",
            "object_lock_mode": "",
            "object_lock_retain_until_date": "",
            "override_provider": [],
            "region": "us-east-1",
            "server_side_encryption": "AES256",
            "source": "../portfolio-website/blu371ck-portfolio/dist//8f8489d863ea5f87df93.png",
            "source_hash": null,
            "storage_class": "STANDARD",
            "tags": {},
            "tags_all": {},
            "version_id": "",
            "website_redirect": ""
          },
          "sensitive_attributes": [],
          "identity_schema_version": 0,
          "identity": {
            "account_id": "057372331974",
            "bucket": "andrew-mckenzie-static-site-bucket",
            "key": "8f8489d863ea5f87df93.png",
            "region": "us-east-1"
          },
          "private": "bnVsbA==",
          "dependencies": [
            "module.s3_static_website.aws_s3_bucket.website"
          ]
        },
        {
          "index_key": "a5d98c4b0be131df2966.png",
          "schema_version": 0,
          "attributes": {
            "acl": null,
            "arn": "arn:aws:s3:::andrew-mckenzie-static-site-bucket/a5d98c4b0be131df2966.png",
            "bucket": "andrew-mckenzie-static-site-bucket",
            "bucket_key_enabled": false,
            "cache_control": "",
            "checksum_algorithm": null,
            "checksum_crc32": "",
            "checksum_crc32c": "",
            "checksum_crc64nvme": "",
            "checksum_sha1": "",
            "checksum_sha256": "",
            "content": null,
            "content_base64": null,
            "content_disposition": "",
            "content_encoding": "",
            "content_language": "",
            "content_type": "images/png",
            "etag": "f6c768cddba5473a024ee55905e8811d",
            "force_destroy": false,
            "id": "andrew-mckenzie-static-site-bucket/a5d98c4b0be131df2966.png",
            "key": "a5d98c4b0be131df2966.png",
            "kms_key_id": null,
            "metadata": {},
            "object_lock_legal_hold_status": "",
            "object_lock_mode": "",
            "object_lock_retain_until_date": "",
            "override_provider": [],
            "region": "us-east-1",
            "server_side_encryption": "AES256",
            "source": "../portfolio-website/blu371ck-portfolio/dist//a5d98c4b0be131df2966.png",
            "source_hash": null,
            "storage_class": "STANDARD",
            "tags": {},
            "tags_all": {},
            "version_id": "",
            "website_redirect": ""
          },
          "sensitive_attributes": [],
          "identity_schema_version": 0,
          "identity": {
            "account_id": "057372331974",
            "bucket": "andrew-mckenzie-static-site-bucket",
            "key": "a5d98c4b0be131df2966.png",
            "region": "us-east-1"
          },
          "private": "bnVsbA==",
          "dependencies": [
            "module.s3_static_website.aws_s3_bucket.website"
          ]
        },
        {
          "index_key": "b01d5ea1880676e5fec5.png",
          "schema_version": 0,
          "attributes": {
            "acl": null,
            "arn": "arn:aws:s3:::andrew-mckenzie-static-site-bucket/b01d5ea1880676e5fec5.png",
            "bucket": "andrew-mckenzie-static-site-bucket",
            "bucket_key_enabled": false,
            "cache_control": "",
            "checksum_algorithm": null,
            "checksum_crc32": "",
            "checksum_crc32c": "",
            "checksum_crc64nvme": "",
            "checksum_sha1": "",
            "checksum_sha256": "",
            "content": null,
            "content_base64": null,
            "content_disposition": "",
            "content_encoding": "",
            "content_language": "",
            "content_type": "images/png",
            "etag": "9b4c69794629fbea4d7b9fa47d170a71",
            "force_destroy": false,
            "id": "andrew-mckenzie-static-site-bucket/b01d5ea1880676e5fec5.png",
            "key": "b01d5ea1880676e5fec5.png",
            "kms_key_id": null,
            "metadata": {},
            "object_lock_legal_hold_status": "",
            "object_lock_mode": "",
            "object_lock_retain_until_date": "",
            "override_provider": [],
            "region": "us-east-1",
            "server_side_encryption": "AES256",
            "source": "../portfolio-website/blu371ck-portfolio/dist//b01d5ea1880676e5fec5.png",
            "source_hash": null,
            "storage_class": "STANDARD",
            "tags": {},
            "tags_all": {},
            "version_id": "",
            "website_redirect": ""
          },
          "sensitive_attributes": [],
          "identity_schema_version": 0,
          "identity": {
            "account_id": "057372331974",
            "bucket": "andrew-mckenzie-static-site-bucket",
            "key": "b01d5ea1880676e5fec5.png",
            "region": "us-east-1"
          },
          "private": "bnVsbA==",
          "dependencies": [
            "module.s3_static_website.aws_s3_bucket.website"
          ]
        },
        {
          "index_key": "bf856ec906efe2292d9b.png",
          "schema_version": 0,
          "attributes": {
            "acl": null,
            "arn": "arn:aws:s3:::andrew-mckenzie-static-site-bucket/bf856ec906efe2292d9b.png",
            "bucket": "andrew-mckenzie-static-site-bucket",
            "bucket_key_enabled": false,
            "cache_control": "",
            "checksum_algorithm": null,
            "checksum_crc32": "",
            "checksum_crc32c": "",
            "checksum_crc64nvme": "",
            "checksum_sha1": "",
            "checksum_sha256": "",
            "content": null,
            "content_base64": null,
            "content_disposition": "",
            "content_encoding": "",
            "content_language": "",
            "content_type": "images/png",
            "etag": "9413fd3006253922d84944db4cc88a63",
            "force_destroy": false,
            "id": "andrew-mckenzie-static-site-bucket/bf856ec906efe2292d9b.png",
            "key": "bf856ec906efe2292d9b.png",
            "kms_key_id": null,
            "metadata": {},
            "object_lock_legal_hold_status": "",
            "object_lock_mode": "",
            "object_lock_retain_until_date": "",
            "override_provider": [],
            "region": "us-east-1",
            "server_side_encryption": "AES256",
            "source": "../portfolio-website/blu371ck-portfolio/dist//bf856ec906efe2292d9b.png",
            "source_hash": null,
            "storage_class": "STANDARD",
            "tags": {},
            "tags_all": {},
            "version_id": "",
            "website_redirect": ""
          },
          "sensitive_attributes": [],
          "identity_schema_version": 0,
          "identity": {
            "account_id": "057372331974",
            "bucket": "andrew-mckenzie-static-site-bucket",
            "key": "bf856ec906efe2292d9b.png",
            "region": "us-east-1"
          },
          "private": "bnVsbA==",
          "dependencies": [
            "module.s3_static_website.aws_s3_bucket.website"
          ]
        },
        {
          "index_key": "d03e0a1adc8dcd3ae504.png",
          "schema_version": 0,
          "attributes": {
            "acl": null,
            "arn": "arn:aws:s3:::andrew-mckenzie-static-site-bucket/d03e0a1adc8dcd3ae504.png",
            "bucket": "andrew-mckenzie-static-site-bucket",
            "bucket_key_enabled": false,
            "cache_control": "",
            "checksum_algorithm": null,
            "checksum_crc32": "",
            "checksum_crc32c": "",
            "checksum_crc64nvme": "",
            "checksum_sha1": "",
            "checksum_sha256": "",
            "content": null,
            "content_base64": null,
            "content_disposition": "",
            "content_encoding": "",
            "content_language": "",
            "content_type": "images/png",
            "etag": "d8492e19b4afdf546934298ba5564e74",
            "force_destroy": false,
            "id": "andrew-mckenzie-static-site-bucket/d03e0a1adc8dcd3ae504.png",
            "key": "d03e0a1adc8dcd3ae504.png",
            "kms_key_id": null,
            "metadata": {},
            "object_lock_legal_hold_status": "",
            "object_lock_mode": "",
            "object_lock_retain_until_date": "",
            "override_provider": [],
            "region": "us-east-1",
            "server_side_encryption": "AES256",
            "source": "../portfolio-website/blu371ck-portfolio/dist//d03e0a1adc8dcd3ae504.png",
            "source_hash": null,
            "storage_class": "STANDARD",
            "tags": {},
            "tags_all": {},
            "version_id": "",
            "website_redirect": ""
          },
          "sensitive_attributes": [],
          "identity_schema_version": 0,
          "identity": {
            "account_id": "057372331974",
            "bucket": "andrew-mckenzie-static-site-bucket",
            "key": "d03e0a1adc8dcd3ae504.png",
            "region": "us-east-1"
          },
          "private": "bnVsbA==",
          "dependencies": [
            "module.s3_static_website.aws_s3_bucket.website"
          ]
        },
        {
          "index_key": "f8954c428b35cdf190d9.png",
          "schema_version": 0,
          "attributes": {
            "acl": null,
            "arn": "arn:aws:s3:::andrew-mckenzie-static-site-bucket/f8954c428b35cdf190d9.png",
            "bucket": "andrew-mckenzie-static-site-bucket",
            "bucket_key_enabled": false,
            "cache_control": "",
            "checksum_algorithm": null,
            "checksum_crc32": "",
            "checksum_crc32c": "",
            "checksum_crc64nvme": "",
            "checksum_sha1": "",
            "checksum_sha256": "",
            "content": null,
            "content_base64": null,
            "content_disposition": "",
            "content_encoding": "",
            "content_language": "",
            "content_type": "images/png",
            "etag": "7045d3f52b0e647aff4e3b9097ce05f5",
            "force_destroy": false,
            "id": "andrew-mckenzie-static-site-bucket/f8954c428b35cdf190d9.png",
            "key": "f8954c428b35cdf190d9.png",
            "kms_key_id": null,
            "metadata": {},
            "object_lock_legal_hold_status": "",
            "object_lock_mode": "",
            "object_lock_retain_until_date": "",
            "override_provider": [],
            "region": "us-east-1",
            "server_side_encryption": "AES256",
            "source": "../portfolio-website/blu371ck-portfolio/dist//f8954c428b35cdf190d9.png",
            "source_hash": null,
            "storage_class": "STANDARD",
            "tags": {},
            "tags_all": {},
            "version_id": "",
            "website_redirect": ""
          },
          "sensitive_attributes": [],
          "identity_schema_version": 0,
          "identity": {
            "account_id": "057372331974",
            "bucket": "andrew-mckenzie-static-site-bucket",
            "key": "f8954c428b35cdf190d9.png",
            "region": "us-east-1"
          },
          "private": "bnVsbA==",
          "dependencies": [
            "module.s3_static_website.aws_s3_bucket.website"
          ]
        },
        {
          "index_key": "favicon.ico",
          "schema_version": 0,
          "attributes": {
            "acl": null,
            "arn": "arn:aws:s3:::andrew-mckenzie-static-site-bucket/favicon.ico",
            "bucket": "andrew-mckenzie-static-site-bucket",
            "bucket_key_enabled": false,
            "cache_control": "",
            "checksum_algorithm": null,
            "checksum_crc32": "",
            "checksum_crc32c": "",
            "checksum_crc64nvme": "",
            "checksum_sha1": "",
            "checksum_sha256": "",
            "content": null,
            "content_base64": null,
            "content_disposition": "",
            "content_encoding": "",
            "content_language": "",
            "content_type": "image/x-icon",
            "etag": "223d439eb0d701fd1261fdfb6ceea1ef",
            "force_destroy": false,
            "id": "andrew-mckenzie-static-site-bucket/favicon.ico",
            "key": "favicon.ico",
            "kms_key_id": null,
            "metadata": {},
            "object_lock_legal_hold_status": "",
            "object_lock_mode": "",
            "object_lock_retain_until_date": "",
            "override_provider": [],
            "region": "us-east-1",
            "server_side_encryption": "AES256",
            "source": "../portfolio-website/blu371ck-portfolio/dist//favicon.ico",
            "source_hash": null,
            "storage_class": "STANDARD",
            "tags": {},
            "tags_all": {},
            "version_id": "",
            "website_redirect": ""
          },
          "sensitive_attributes": [],
          "identity_schema_version": 0,
          "identity": {
            "account_id": "057372331974",
            "bucket": "andrew-mckenzie-static-site-bucket",
            "key": "favicon.ico",
            "region": "us-east-1"
          },
          "private": "bnVsbA==",
          "dependencies": [
            "module.s3_static_website.aws_s3_bucket.website"
          ]
        },
        {
          "index_key": "index.html",
          "schema_version": 0,
          "attributes": {
            "acl": null,
            "arn": "arn:aws:s3:::andrew-mckenzie-static-site-bucket/index.html",
            "bucket": "andrew-mckenzie-static-site-bucket",
            "bucket_key_enabled": false,
            "cache_control": "",
            "checksum_algorithm": null,
            "checksum_crc32": "",
            "checksum_crc32c": "",
            "checksum_crc64nvme": "",
            "checksum_sha1": "",
            "checksum_sha256": "",
            "content": null,
            "content_base64": null,
            "content_disposition": "",
            "content_encoding": "",
            "content_language": "",
            "content_type": "text/html",
            "etag": "d043dfcc0685e3f27949c410ad75f641",
            "force_destroy": false,
            "id": "andrew-mckenzie-static-site-bucket/index.html",
            "key": "index.html",
            "kms_key_id": null,
            "metadata": {},
            "object_lock_legal_hold_status": "",
            "object_lock_mode": "",
            "object_lock_retain_until_date": "",
            "override_provider": [],
            "region": "us-east-1",
            "server_side_encryption": "AES256",
            "source": "../portfolio-website/blu371ck-portfolio/dist//index.html",
            "source_hash": null,
            "storage_class": "STANDARD",
            "tags": {},
            "tags_all": {},
            "version_id": "",
            "website_redirect": ""
          },
          "sensitive_attributes": [],
          "identity_schema_version": 0,
          "identity": {
            "account_id": "057372331974",
            "bucket": "andrew-mckenzie-static-site-bucket",
            "key": "index.html",
            "region": "us-east-1"
          },
          "private": "bnVsbA==",
          "dependencies": [
            "module.s3_static_website.aws_s3_bucket.website"
          ]
        },
        {
          "index_key": "main.98f6f47467ac1352cd65.css",
          "schema_version": 0,
          "attributes": {
            "acl": null,
            "arn": "arn:aws:s3:::andrew-mckenzie-static-site-bucket/main.98f6f47467ac1352cd65.css",
            "bucket": "andrew-mckenzie-static-site-bucket",
            "bucket_key_enabled": false,
            "cache_control": "",
            "checksum_algorithm": null,
            "checksum_crc32": "",
            "checksum_crc32c": "",
            "checksum_crc64nvme": "",
            "checksum_sha1": "",
            "checksum_sha256": "",
            "content": null,
            "content_base64": null,
            "content_disposition": "",
            "content_encoding": "",
            "content_language": "",
            "content_type": "text/css",
            "etag": "ec8627fa99d7037e6f54bf6f0a9691dc",
            "force_destroy": false,
            "id": "andrew-mckenzie-static-site-bucket/main.98f6f47467ac1352cd65.css",
            "key": "main.98f6f47467ac1352cd65.css",
            "kms_key_id": null,
            "metadata": {},
            "object_lock_legal_hold_status": "",
            "object_lock_mode": "",
            "object_lock_retain_until_date": "",
            "override_provider": [],
            "region": "us-east-1",
            "server_side_encryption": "AES256",
            "source": "../portfolio-website/blu371ck-portfolio/dist//main.98f6f47467ac1352cd65.css",
            "source_hash": null,
            "storage_class": "STANDARD",
            "tags": {},
            "tags_all": {},
            "version_id": "",
            "website_redirect": ""
          },
          "sensitive_attributes": [],
          "identity_schema_version": 0,
          "identity": {
            "account_id": "057372331974",
            "bucket": "andrew-mckenzie-static-site-bucket",
            "key": "main.98f6f47467ac1352cd65.css",
            "region": "us-east-1"
          },
          "private": "bnVsbA==",
          "dependencies": [
            "module.s3_static_website.aws_s3_bucket.website"
          ]
        },
        {
          "index_key": "main.cabfee7704d32821451e.js",
          "schema_version": 0,
          "attributes": {
            "acl": null,
            "arn": "arn:aws:s3:::andrew-mckenzie-static-site-bucket/main.cabfee7704d32821451e.js",
            "bucket": "andrew-mckenzie-static-site-bucket",
            "bucket_key_enabled": false,
            "cache_control": "",
            "checksum_algorithm": null,
            "checksum_crc32": "",
            "checksum_crc32c": "",
            "checksum_crc64nvme": "",
            "checksum_sha1": "",
            "checksum_sha256": "",
            "content": null,
            "content_base64": null,
            "content_disposition": "",
            "content_encoding": "",
            "content_language": "",
            "content_type": "application/javascript",
            "etag": "d112a583e2c92d40fe973d2bdca46ee8",
            "force_destroy": false,
            "id": "andrew-mckenzie-static-site-bucket/main.cabfee7704d32821451e.js",
            "key": "main.cabfee7704d32821451e.js",
            "kms_key_id": null,
            "metadata": {},
            "object_lock_legal_hold_status": "",
            "object_lock_mode": "",
            "object_lock_retain_until_date": "",
            "override_provider": [],
            "region": "us-east-1",
            "server_side_encryption": "AES256",
            "source": "../portfolio-website/blu371ck-portfolio/dist//main.cabfee7704d32821451e.js",
            "source_hash": null,
            "storage_class": "STANDARD",
            "tags": {},
            "tags_all": {},
            "version_id": "",
            "website_redirect": ""
          },
          "sensitive_attributes": [],
          "identity_schema_version": 0,
          "identity": {
            "account_id": "057372331974",
            "bucket": "andrew-mckenzie-static-site-bucket",
            "key": "main.cabfee7704d32821451e.js",
            "region": "us-east-1"
          },
          "private": "bnVsbA==",
          "dependencies": [
            "module.s3_static_website.aws_s3_bucket.website"
          ]
        }
      ]
    }
  ],
  "check_results": null
}
